
Microsoft Visual Studio Solution File, Format Version 12.00
# Visual Studio 14
VisualStudioVersion = 14.0.23107.0
MinimumVisualStudioVersion = 10.0.40219.1
Project("{FAE04EC0-301F-11D3-BF4B-00C04F79EFBC}") = "WindowsIot-SPiDisplay-SSD1306", "WindowsIot-SPiDisplay-SSD1306\WindowsIot-SPiDisplay-SSD1306.csproj", "{3DA663A4-6518-4B11-8E16-FDE8AFCBBCB1}"
EndProject
Project("{FAE04EC0-301F-11D3-BF4B-00C04F79EFBC}") = "DisplayFont", "DisplayFont\DisplayFont.csproj", "{FC89AE75-F054-4434-B00E-A0C9642160B4}"
EndProject
Global
	GlobalSection(SolutionConfigurationPlatforms) = preSolution
		Debug|Any CPU = Debug|Any CPU
		Debug|ARM = Debug|ARM
		Debug|x64 = Debug|x64
		Debug|x86 = Debug|x86
		Release|Any CPU = Release|Any CPU
		Release|ARM = Release|ARM
		Release|x64 = Release|x64
		Release|x86 = Release|x86
	EndGlobalSection
	GlobalSection(ProjectConfigurationPlatforms) = postSolution
		{3DA663A4-6518-4B11-8E16-FDE8AFCBBCB1}.Debug|Any CPU.ActiveCfg = Debug|Any CPU
		{3DA663A4-6518-4B11-8E16-FDE8AFCBBCB1}.Debug|Any CPU.Build.0 = Debug|Any CPU
		{3DA663A4-6518-4B11-8E16-FDE8AFCBBCB1}.Debug|ARM.ActiveCfg = Debug|ARM
		{3DA663A4-6518-4B11-8E16-FDE8AFCBBCB1}.Debug|ARM.Build.0 = Debug|ARM
		{3DA663A4-6518-4B11-8E16-FDE8AFCBBCB1}.Debug|x64.ActiveCfg = Debug|x64
		{3DA663A4-6518-4B11-8E16-FDE8AFCBBCB1}.Debug|x64.Build.0 = Debug|x64
		{3DA663A4-6518-4B11-8E16-FDE8AFCBBCB1}.Debug|x86.ActiveCfg = Debug|x86
		{3DA663A4-6518-4B11-8E16-FDE8AFCBBCB1}.Debug|x86.Build.0 = Debug|x86
		{3DA663A4-6518-4B11-8E16-FDE8AFCBBCB1}.Release|Any CPU.ActiveCfg = Release|Any CPU
		{3DA663A4-6518-4B11-8E16-FDE8AFCBBCB1}.Release|Any CPU.Build.0 = Release|Any CPU
		{3DA663A4-6518-4B11-8E16-FDE8AFCBBCB1}.Release|ARM.ActiveCfg = Release|ARM
		{3DA663A4-6518-4B11-8E16-FDE8AFCBBCB1}.Release|ARM.Build.0 = Release|ARM
		{3DA663A4-6518-4B11-8E16-FDE8AFCBBCB1}.Release|x64.ActiveCfg = Release|x64
		{3DA663A4-6518-4B11-8E16-FDE8AFCBBCB1}.Release|x64.Build.0 = Release|x64
		{3DA663A4-6518-4B11-8E16-FDE8AFCBBCB1}.Release|x86.ActiveCfg = Release|x86
		{3DA663A4-6518-4B11-8E16-FDE8AFCBBCB1}.Release|x86.Build.0 = Release|x86
		{FC89AE75-F054-4434-B00E-A0C9642160B4}.Debug|Any CPU.ActiveCfg = Debug|x86
		{FC89AE75-F054-4434-B00E-A0C9642160B4}.Debug|ARM.ActiveCfg = Debug|ARM
		{FC89AE75-F054-4434-B00E-A0C9642160B4}.Debug|ARM.Build.0 = Debug|ARM
		{FC89AE75-F054-4434-B00E-A0C9642160B4}.Debug|x64.ActiveCfg = Debug|x64
		{FC89AE75-F054-4434-B00E-A0C9642160B4}.Debug|x64.Build.0 = Debug|x64
		{FC89AE75-F054-4434-B00E-A0C9642160B4}.Debug|x86.ActiveCfg = Debug|x86
		{FC89AE75-F054-4434-B00E-A0C9642160B4}.Debug|x86.Build.0 = Debug|x86
		{FC89AE75-F054-4434-B00E-A0C9642160B4}.Release|Any CPU.ActiveCfg = Release|x86
		{FC89AE75-F054-4434-B00E-A0C9642160B4}.Release|ARM.ActiveCfg = Release|ARM
		{FC89AE75-F054-4434-B00E-A0C9642160B4}.Release|ARM.Build.0 = Release|ARM
		{FC89AE75-F054-4434-B00E-A0C9642160B4}.Release|x64.ActiveCfg = Release|x64
		{FC89AE75-F054-4434-B00E-A0C9642160B4}.Release|x64.Build.0 = Release|x64
		{FC89AE75-F054-4434-B00E-A0C9642160B4}.Release|x86.ActiveCfg = Release|x86
		{FC89AE75-F054-4434-B00E-A0C9642160B4}.Release|x86.Build.0 = Release|x86
	EndGlobalSection
	GlobalSection(SolutionProperties) = preSolution
		HideSolutionNode = FALSE
	EndGlobalSection
EndGlobal
